
Microsoft Visual Studio Solution File, Format Version 12.00
# Visual Studio Version 17
VisualStudioVersion = 17.11.35222.181
MinimumVisualStudioVersion = 10.0.40219.1
Project("{2150E333-8FDC-42A3-9474-1A3956D46DE8}") = "Task0", "Task0", "{FEE96396-4223-46EB-A3B3-A7C56EC02E9F}"
EndProject
Project("{9A19103F-16F7-4668-BE54-9A1E7A4F7556}") = "Tyuiu.ShmidtAA.Sprint1.Task0.V18", "Tyuiu.ShmidtAA.Sprint1.Tusk0.V18\Tyuiu.ShmidtAA.Sprint1.Task0.V18.csproj", "{2A2174FA-7C29-4388-9C70-7773234B79F6}"
EndProject
Project("{9A19103F-16F7-4668-BE54-9A1E7A4F7556}") = "Tyuiu.ShmidtAA.Sprint1.Task0.V18.Test", "Tyuiu.ShmidtAA.Sprint1.Task0.V18.Test\Tyuiu.ShmidtAA.Sprint1.Task0.V18.Test.csproj", "{0C4965E9-7880-4A7B-B6D5-B78E781B905A}"
EndProject
Project("{9A19103F-16F7-4668-BE54-9A1E7A4F7556}") = "Tyuiu.ShmidtAA.Sprint1.Task0.V18.Lib", "Tyuiu.ShmidtAA.Sprint1.Task0.V18.Lib\Tyuiu.ShmidtAA.Sprint1.Task0.V18.Lib.csproj", "{0F30AD00-EF68-4B79-BAAD-EF3A007ADD1E}"
EndProject
Project("{2150E333-8FDC-42A3-9474-1A3956D46DE8}") = "Task1", "Task1", "{993798C5-A613-408B-A25C-B0926D4FEE5F}"
EndProject
Project("{9A19103F-16F7-4668-BE54-9A1E7A4F7556}") = "Tyuiu.ShmidtAA.Sprint1.Task1.V30", "Tyuiu.ShmidtAA.Sprint1.Task1.V30\Tyuiu.ShmidtAA.Sprint1.Task1.V30.csproj", "{16786E9E-FCB7-4665-B770-7217FEB8C3D0}"
EndProject
Project("{9A19103F-16F7-4668-BE54-9A1E7A4F7556}") = "Tyuiu.ShmidtAA.Sprint1.Task1.V30.Lib", "Tyuiu.ShmidtAA.Sprint1.Task1.V30.Lib\Tyuiu.ShmidtAA.Sprint1.Task1.V30.Lib.csproj", "{7EEB5341-04E4-48B0-ACFA-F49C562356A6}"
EndProject
Project("{9A19103F-16F7-4668-BE54-9A1E7A4F7556}") = "Tyuiu.ShmidtAA.Sprint1.Task1.V30.Test", "Tyuiu.ShmidtAA.Sprint1.Task1.V30.Test\Tyuiu.ShmidtAA.Sprint1.Task1.V30.Test.csproj", "{DCD67EFE-1FFF-45CF-BCA1-03570AB3D097}"
EndProject
Project("{2150E333-8FDC-42A3-9474-1A3956D46DE8}") = "Task2", "Task2", "{F73A1761-F61F-43A4-9532-30A5FA81D3EF}"
EndProject
Project("{9A19103F-16F7-4668-BE54-9A1E7A4F7556}") = "Tyuiu.ShmidtAA.Sprint1.Task2.V10", "Tyuiu.ShmidtAA.Sprint1.Task2.V10\Tyuiu.ShmidtAA.Sprint1.Task2.V10.csproj", "{A685E362-1772-4B50-B554-B4E675D55D25}"
EndProject
Project("{9A19103F-16F7-4668-BE54-9A1E7A4F7556}") = "Tyuiu.ShmidtAA.Sprint1.Task2.V10.Lib", "Tyuiu.ShmidtAA.Sprint1.Task2.V10.Lib\Tyuiu.ShmidtAA.Sprint1.Task2.V10.Lib.csproj", "{BE1732E2-7961-4D25-96B3-1D8C80C63DF8}"
EndProject
Project("{9A19103F-16F7-4668-BE54-9A1E7A4F7556}") = "Tyuiu.ShmidtAA.Sprint1.Task2.V10.Test", "Tyuiu.ShmidtAA.Sprint1.Task2.V10.Test\Tyuiu.ShmidtAA.Sprint1.Task2.V10.Test.csproj", "{F5F036B0-0DC0-483A-8D99-4FBF47F1618A}"
EndProject
Project("{2150E333-8FDC-42A3-9474-1A3956D46DE8}") = "Task3", "Task3", "{8332EA0A-6EB2-46BF-BC78-59E1495FF479}"
EndProject
Project("{9A19103F-16F7-4668-BE54-9A1E7A4F7556}") = "Tyuiu.ShmidtAA.Sprint1.Task3.V7", "Tyuiu.ShmidtAA.Sprint1.Task3.V7\Tyuiu.ShmidtAA.Sprint1.Task3.V7.csproj", "{FF41FA4A-8F7E-4CF0-BD0F-F1CB13BD1F53}"
EndProject
Project("{9A19103F-16F7-4668-BE54-9A1E7A4F7556}") = "Tyuiu.ShmidtAA.Sprint1.Task3.V7.Lib", "Tyuiu.ShmidtAA.Sprint1.Task3.V7.Lib\Tyuiu.ShmidtAA.Sprint1.Task3.V7.Lib.csproj", "{AEB1BFE6-6DE8-450B-841A-12F29C1755F1}"
EndProject
Project("{9A19103F-16F7-4668-BE54-9A1E7A4F7556}") = "Tyuiu.ShmidtAA.Sprint1.Task3.V7.Test", "Tyuiu.ShmidtAA.Sprint1.Task3.V7.Test\Tyuiu.ShmidtAA.Sprint1.Task3.V7.Test.csproj", "{292A6AA9-ECDC-4A3C-9A55-C26FB0A6EF19}"
EndProject
Project("{2150E333-8FDC-42A3-9474-1A3956D46DE8}") = "Task4", "Task4", "{3637DD90-8FB8-490E-A492-2765218D9C8A}"
EndProject
Project("{FAE04EC0-301F-11D3-BF4B-00C04F79EFBC}") = "Tyuiu.ShmidtAA.Sprint1.Task4.V1.Lib", "Tyuiu.ShmidtAA.Sprint1.Task4.V1.Lib\Tyuiu.ShmidtAA.Sprint1.Task4.V1.Lib.csproj", "{DB464FAC-C34A-4B5F-9A19-E3A8145C0C76}"
EndProject
Project("{FAE04EC0-301F-11D3-BF4B-00C04F79EFBC}") = "Tyuiu.ShmidtAA.Sprint1.Task4.V1.Test", "Tyuiu.ShmidtAA.Sprint1.Task4.V1.Test\Tyuiu.ShmidtAA.Sprint1.Task4.V1.Test.csproj", "{D8690336-F6E3-453B-A82C-89F58DB788CB}"
EndProject
Project("{FAE04EC0-301F-11D3-BF4B-00C04F79EFBC}") = "Tyuiu.ShmidtAA.Sprint1.Task4.V1", "Tyuiu.ShmidtAA.Sprint1.Task4.V1\Tyuiu.ShmidtAA.Sprint1.Task4.V1.csproj", "{54011364-59D5-4712-8755-97AB231C1097}"
EndProject
Global
	GlobalSection(SolutionConfigurationPlatforms) = preSolution
		Debug|Any CPU = Debug|Any CPU
		Release|Any CPU = Release|Any CPU
	EndGlobalSection
	GlobalSection(ProjectConfigurationPlatforms) = postSolution
		{2A2174FA-7C29-4388-9C70-7773234B79F6}.Debug|Any CPU.ActiveCfg = Debug|Any CPU
		{2A2174FA-7C29-4388-9C70-7773234B79F6}.Debug|Any CPU.Build.0 = Debug|Any CPU
		{2A2174FA-7C29-4388-9C70-7773234B79F6}.Release|Any CPU.ActiveCfg = Release|Any CPU
		{2A2174FA-7C29-4388-9C70-7773234B79F6}.Release|Any CPU.Build.0 = Release|Any CPU
		{0C4965E9-7880-4A7B-B6D5-B78E781B905A}.Debug|Any CPU.ActiveCfg = Debug|Any CPU
		{0C4965E9-7880-4A7B-B6D5-B78E781B905A}.Debug|Any CPU.Build.0 = Debug|Any CPU
		{0C4965E9-7880-4A7B-B6D5-B78E781B905A}.Release|Any CPU.ActiveCfg = Release|Any CPU
		{0C4965E9-7880-4A7B-B6D5-B78E781B905A}.Release|Any CPU.Build.0 = Release|Any CPU
		{0F30AD00-EF68-4B79-BAAD-EF3A007ADD1E}.Debug|Any CPU.ActiveCfg = Debug|Any CPU
		{0F30AD00-EF68-4B79-BAAD-EF3A007ADD1E}.Debug|Any CPU.Build.0 = Debug|Any CPU
		{0F30AD00-EF68-4B79-BAAD-EF3A007ADD1E}.Release|Any CPU.ActiveCfg = Release|Any CPU
		{0F30AD00-EF68-4B79-BAAD-EF3A007ADD1E}.Release|Any CPU.Build.0 = Release|Any CPU
		{16786E9E-FCB7-4665-B770-7217FEB8C3D0}.Debug|Any CPU.ActiveCfg = Debug|Any CPU
		{16786E9E-FCB7-4665-B770-7217FEB8C3D0}.Debug|Any CPU.Build.0 = Debug|Any CPU
		{16786E9E-FCB7-4665-B770-7217FEB8C3D0}.Release|Any CPU.ActiveCfg = Release|Any CPU
		{16786E9E-FCB7-4665-B770-7217FEB8C3D0}.Release|Any CPU.Build.0 = Release|Any CPU
		{7EEB5341-04E4-48B0-ACFA-F49C562356A6}.Debug|Any CPU.ActiveCfg = Debug|Any CPU
		{7EEB5341-04E4-48B0-ACFA-F49C562356A6}.Debug|Any CPU.Build.0 = Debug|Any CPU
		{7EEB5341-04E4-48B0-ACFA-F49C562356A6}.Release|Any CPU.ActiveCfg = Release|Any CPU
		{7EEB5341-04E4-48B0-ACFA-F49C562356A6}.Release|Any CPU.Build.0 = Release|Any CPU
		{DCD67EFE-1FFF-45CF-BCA1-03570AB3D097}.Debug|Any CPU.ActiveCfg = Debug|Any CPU
		{DCD67EFE-1FFF-45CF-BCA1-03570AB3D097}.Debug|Any CPU.Build.0 = Debug|Any CPU
		{DCD67EFE-1FFF-45CF-BCA1-03570AB3D097}.Release|Any CPU.ActiveCfg = Release|Any CPU
		{DCD67EFE-1FFF-45CF-BCA1-03570AB3D097}.Release|Any CPU.Build.0 = Release|Any CPU
		{A685E362-1772-4B50-B554-B4E675D55D25}.Debug|Any CPU.ActiveCfg = Debug|Any CPU
		{A685E362-1772-4B50-B554-B4E675D55D25}.Debug|Any CPU.Build.0 = Debug|Any CPU
		{A685E362-1772-4B50-B554-B4E675D55D25}.Release|Any CPU.ActiveCfg = Release|Any CPU
		{A685E362-1772-4B50-B554-B4E675D55D25}.Release|Any CPU.Build.0 = Release|Any CPU
		{BE1732E2-7961-4D25-96B3-1D8C80C63DF8}.Debug|Any CPU.ActiveCfg = Debug|Any CPU
		{BE1732E2-7961-4D25-96B3-1D8C80C63DF8}.Debug|Any CPU.Build.0 = Debug|Any CPU
		{BE1732E2-7961-4D25-96B3-1D8C80C63DF8}.Release|Any CPU.ActiveCfg = Release|Any CPU
		{BE1732E2-7961-4D25-96B3-1D8C80C63DF8}.Release|Any CPU.Build.0 = Release|Any CPU
		{F5F036B0-0DC0-483A-8D99-4FBF47F1618A}.Debug|Any CPU.ActiveCfg = Debug|Any CPU
		{F5F036B0-0DC0-483A-8D99-4FBF47F1618A}.Debug|Any CPU.Build.0 = Debug|Any CPU
		{F5F036B0-0DC0-483A-8D99-4FBF47F1618A}.Release|Any CPU.ActiveCfg = Release|Any CPU
		{F5F036B0-0DC0-483A-8D99-4FBF47F1618A}.Release|Any CPU.Build.0 = Release|Any CPU
		{FF41FA4A-8F7E-4CF0-BD0F-F1CB13BD1F53}.Debug|Any CPU.ActiveCfg = Debug|Any CPU
		{FF41FA4A-8F7E-4CF0-BD0F-F1CB13BD1F53}.Debug|Any CPU.Build.0 = Debug|Any CPU
		{FF41FA4A-8F7E-4CF0-BD0F-F1CB13BD1F53}.Release|Any CPU.ActiveCfg = Release|Any CPU
		{FF41FA4A-8F7E-4CF0-BD0F-F1CB13BD1F53}.Release|Any CPU.Build.0 = Release|Any CPU
		{AEB1BFE6-6DE8-450B-841A-12F29C1755F1}.Debug|Any CPU.ActiveCfg = Debug|Any CPU
		{AEB1BFE6-6DE8-450B-841A-12F29C1755F1}.Debug|Any CPU.Build.0 = Debug|Any CPU
		{AEB1BFE6-6DE8-450B-841A-12F29C1755F1}.Release|Any CPU.ActiveCfg = Release|Any CPU
		{AEB1BFE6-6DE8-450B-841A-12F29C1755F1}.Release|Any CPU.Build.0 = Release|Any CPU
		{292A6AA9-ECDC-4A3C-9A55-C26FB0A6EF19}.Debug|Any CPU.ActiveCfg = Debug|Any CPU
		{292A6AA9-ECDC-4A3C-9A55-C26FB0A6EF19}.Debug|Any CPU.Build.0 = Debug|Any CPU
		{292A6AA9-ECDC-4A3C-9A55-C26FB0A6EF19}.Release|Any CPU.ActiveCfg = Release|Any CPU
		{292A6AA9-ECDC-4A3C-9A55-C26FB0A6EF19}.Release|Any CPU.Build.0 = Release|Any CPU
		{DB464FAC-C34A-4B5F-9A19-E3A8145C0C76}.Debug|Any CPU.ActiveCfg = Debug|Any CPU
		{DB464FAC-C34A-4B5F-9A19-E3A8145C0C76}.Debug|Any CPU.Build.0 = Debug|Any CPU
		{DB464FAC-C34A-4B5F-9A19-E3A8145C0C76}.Release|Any CPU.ActiveCfg = Release|Any CPU
		{DB464FAC-C34A-4B5F-9A19-E3A8145C0C76}.Release|Any CPU.Build.0 = Release|Any CPU
		{D8690336-F6E3-453B-A82C-89F58DB788CB}.Debug|Any CPU.ActiveCfg = Debug|Any CPU
		{D8690336-F6E3-453B-A82C-89F58DB788CB}.Debug|Any CPU.Build.0 = Debug|Any CPU
		{D8690336-F6E3-453B-A82C-89F58DB788CB}.Release|Any CPU.ActiveCfg = Release|Any CPU
		{D8690336-F6E3-453B-A82C-89F58DB788CB}.Release|Any CPU.Build.0 = Release|Any CPU
		{54011364-59D5-4712-8755-97AB231C1097}.Debug|Any CPU.ActiveCfg = Debug|Any CPU
		{54011364-59D5-4712-8755-97AB231C1097}.Debug|Any CPU.Build.0 = Debug|Any CPU
		{54011364-59D5-4712-8755-97AB231C1097}.Release|Any CPU.ActiveCfg = Release|Any CPU
		{54011364-59D5-4712-8755-97AB231C1097}.Release|Any CPU.Build.0 = Release|Any CPU
	EndGlobalSection
	GlobalSection(SolutionProperties) = preSolution
		HideSolutionNode = FALSE
	EndGlobalSection
	GlobalSection(NestedProjects) = preSolution
		{2A2174FA-7C29-4388-9C70-7773234B79F6} = {FEE96396-4223-46EB-A3B3-A7C56EC02E9F}
		{0C4965E9-7880-4A7B-B6D5-B78E781B905A} = {FEE96396-4223-46EB-A3B3-A7C56EC02E9F}
		{0F30AD00-EF68-4B79-BAAD-EF3A007ADD1E} = {FEE96396-4223-46EB-A3B3-A7C56EC02E9F}
		{16786E9E-FCB7-4665-B770-7217FEB8C3D0} = {993798C5-A613-408B-A25C-B0926D4FEE5F}
		{7EEB5341-04E4-48B0-ACFA-F49C562356A6} = {993798C5-A613-408B-A25C-B0926D4FEE5F}
		{DCD67EFE-1FFF-45CF-BCA1-03570AB3D097} = {993798C5-A613-408B-A25C-B0926D4FEE5F}
		{A685E362-1772-4B50-B554-B4E675D55D25} = {F73A1761-F61F-43A4-9532-30A5FA81D3EF}
		{BE1732E2-7961-4D25-96B3-1D8C80C63DF8} = {F73A1761-F61F-43A4-9532-30A5FA81D3EF}
		{F5F036B0-0DC0-483A-8D99-4FBF47F1618A} = {F73A1761-F61F-43A4-9532-30A5FA81D3EF}
		{FF41FA4A-8F7E-4CF0-BD0F-F1CB13BD1F53} = {8332EA0A-6EB2-46BF-BC78-59E1495FF479}
		{AEB1BFE6-6DE8-450B-841A-12F29C1755F1} = {8332EA0A-6EB2-46BF-BC78-59E1495FF479}
		{292A6AA9-ECDC-4A3C-9A55-C26FB0A6EF19} = {8332EA0A-6EB2-46BF-BC78-59E1495FF479}
		{DB464FAC-C34A-4B5F-9A19-E3A8145C0C76} = {3637DD90-8FB8-490E-A492-2765218D9C8A}
		{D8690336-F6E3-453B-A82C-89F58DB788CB} = {3637DD90-8FB8-490E-A492-2765218D9C8A}
		{54011364-59D5-4712-8755-97AB231C1097} = {3637DD90-8FB8-490E-A492-2765218D9C8A}
	EndGlobalSection
	GlobalSection(ExtensibilityGlobals) = postSolution
		SolutionGuid = {2A3F9FDB-D31C-4A5D-B213-6AA11398B69F}
	EndGlobalSection
EndGlobal
